// !$*UTF8*$!
{
	archiveVersion = 1;
	classes = {
	};
	objectVersion = 55;
	objects = {

/* Begin PBXBuildFile section */
		403EB8EB2875241700C6FDBF /* main.cpp in Sources */ = {isa = PBXBuildFile; fileRef = 403EB8EA2875241700C6FDBF /* main.cpp */; };
		403EB8FA2875265D00C6FDBF /* fonctions.cpp in Sources */ = {isa = PBXBuildFile; fileRef = 403EB8F82875265D00C6FDBF /* fonctions.cpp */; };
		403EB8FD2875267100C6FDBF /* K-means.cpp in Sources */ = {isa = PBXBuildFile; fileRef = 403EB8FB2875267100C6FDBF /* K-means.cpp */; };
		403EB9002875268700C6FDBF /* utils_tree.cpp in Sources */ = {isa = PBXBuildFile; fileRef = 403EB8FE2875268700C6FDBF /* utils_tree.cpp */; };
		403EB9032875269E00C6FDBF /* hgt_int.cpp in Sources */ = {isa = PBXBuildFile; fileRef = 403EB9012875269E00C6FDBF /* hgt_int.cpp */; };
		403EB906287526B300C6FDBF /* Super-trees.cpp in Sources */ = {isa = PBXBuildFile; fileRef = 403EB904287526B300C6FDBF /* Super-trees.cpp */; };
		403EB9092875270900C6FDBF /* Makefile in Sources */ = {isa = PBXBuildFile; fileRef = 403EB9082875270900C6FDBF /* Makefile */; };
/* End PBXBuildFile section */

/* Begin PBXCopyFilesBuildPhase section */
		403EB8E52875241700C6FDBF /* CopyFiles */ = {
			isa = PBXCopyFilesBuildPhase;
			buildActionMask = 2147483647;
			dstPath = /usr/share/man/man1/;
			dstSubfolderSpec = 0;
			files = (
			);
			runOnlyForDeploymentPostprocessing = 1;
		};
/* End PBXCopyFilesBuildPhase section */

/* Begin PBXFileReference section */
		403EB8E72875241700C6FDBF /* KMeansPhylogeneticTreesClustering */ = {isa = PBXFileReference; explicitFileType = "compiled.mach-o.executable"; includeInIndex = 0; path = KMeansPhylogeneticTreesClustering; sourceTree = BUILT_PRODUCTS_DIR; };
		403EB8EA2875241700C6FDBF /* main.cpp */ = {isa = PBXFileReference; lastKnownFileType = sourcecode.cpp.cpp; path = main.cpp; sourceTree = "<group>"; };
		403EB8F32875256200C6FDBF /* all_trees_woese.txt */ = {isa = PBXFileReference; lastKnownFileType = text; path = all_trees_woese.txt; sourceTree = "<group>"; };
		403EB8F42875258100C6FDBF /* Covid-19_trees.txt */ = {isa = PBXFileReference; lastKnownFileType = text; path = "Covid-19_trees.txt"; sourceTree = "<group>"; };
		403EB8F52875259C00C6FDBF /* output.txt */ = {isa = PBXFileReference; lastKnownFileType = text; path = output.txt; sourceTree = "<group>"; };
		403EB8F6287525D000C6FDBF /* stat.csv */ = {isa = PBXFileReference; lastKnownFileType = text; path = stat.csv; sourceTree = "<group>"; };
		403EB8F82875265D00C6FDBF /* fonctions.cpp */ = {isa = PBXFileReference; lastKnownFileType = sourcecode.cpp.cpp; path = fonctions.cpp; sourceTree = "<group>"; };
		403EB8F92875265D00C6FDBF /* fonctions.hpp */ = {isa = PBXFileReference; lastKnownFileType = sourcecode.cpp.h; path = fonctions.hpp; sourceTree = "<group>"; };
		403EB8FB2875267100C6FDBF /* K-means.cpp */ = {isa = PBXFileReference; lastKnownFileType = sourcecode.cpp.cpp; path = "K-means.cpp"; sourceTree = "<group>"; };
		403EB8FC2875267100C6FDBF /* K-means.hpp */ = {isa = PBXFileReference; lastKnownFileType = sourcecode.cpp.h; path = "K-means.hpp"; sourceTree = "<group>"; };
		403EB8FE2875268700C6FDBF /* utils_tree.cpp */ = {isa = PBXFileReference; lastKnownFileType = sourcecode.cpp.cpp; path = utils_tree.cpp; sourceTree = "<group>"; };
		403EB8FF2875268700C6FDBF /* utils_tree.hpp */ = {isa = PBXFileReference; lastKnownFileType = sourcecode.cpp.h; path = utils_tree.hpp; sourceTree = "<group>"; };
		403EB9012875269E00C6FDBF /* hgt_int.cpp */ = {isa = PBXFileReference; lastKnownFileType = sourcecode.cpp.cpp; path = hgt_int.cpp; sourceTree = "<group>"; };
		403EB9022875269E00C6FDBF /* hgt_int.hpp */ = {isa = PBXFileReference; lastKnownFileType = sourcecode.cpp.h; path = hgt_int.hpp; sourceTree = "<group>"; };
		403EB904287526B300C6FDBF /* Super-trees.cpp */ = {isa = PBXFileReference; lastKnownFileType = sourcecode.cpp.cpp; path = "Super-trees.cpp"; sourceTree = "<group>"; };
		403EB905287526B300C6FDBF /* Super-trees.hpp */ = {isa = PBXFileReference; lastKnownFileType = sourcecode.cpp.h; path = "Super-trees.hpp"; sourceTree = "<group>"; };
		403EB907287526C700C6FDBF /* structures.h */ = {isa = PBXFileReference; lastKnownFileType = sourcecode.c.h; path = structures.h; sourceTree = "<group>"; };
		403EB9082875270900C6FDBF /* Makefile */ = {isa = PBXFileReference; lastKnownFileType = sourcecode.make; path = Makefile; sourceTree = "<group>"; };
		403EB90A28752B7A00C6FDBF /* README.md */ = {isa = PBXFileReference; lastKnownFileType = net.daringfireball.markdown; path = README.md; sourceTree = "<group>"; };
/* End PBXFileReference section */

/* Begin PBXFrameworksBuildPhase section */
		403EB8E42875241700C6FDBF /* Frameworks */ = {
			isa = PBXFrameworksBuildPhase;
			buildActionMask = 2147483647;
			files = (
			);
			runOnlyForDeploymentPostprocessing = 0;
		};
/* End PBXFrameworksBuildPhase section */

/* Begin PBXGroup section */
		403EB8DE2875241700C6FDBF = {
			isa = PBXGroup;
			children = (
				403EB90A28752B7A00C6FDBF /* README.md */,
				403EB8F22875252700C6FDBF /* data */,
				403EB8F12875250700C6FDBF /* output */,
				403EB8E92875241700C6FDBF /* src */,
				403EB8E82875241700C6FDBF /* Products */,
			);
			sourceTree = "<group>";
		};
		403EB8E82875241700C6FDBF /* Products */ = {
			isa = PBXGroup;
			children = (
				403EB8E72875241700C6FDBF /* KMeansPhylogeneticTreesClustering */,
			);
			name = Products;
			sourceTree = "<group>";
		};
		403EB8E92875241700C6FDBF /* src */ = {
			isa = PBXGroup;
			children = (
				403EB8EA2875241700C6FDBF /* main.cpp */,
				403EB8F82875265D00C6FDBF /* fonctions.cpp */,
				403EB8F92875265D00C6FDBF /* fonctions.hpp */,
				403EB8FB2875267100C6FDBF /* K-means.cpp */,
				403EB8FC2875267100C6FDBF /* K-means.hpp */,
				403EB8FE2875268700C6FDBF /* utils_tree.cpp */,
				403EB8FF2875268700C6FDBF /* utils_tree.hpp */,
				403EB9012875269E00C6FDBF /* hgt_int.cpp */,
				403EB9022875269E00C6FDBF /* hgt_int.hpp */,
				403EB904287526B300C6FDBF /* Super-trees.cpp */,
				403EB905287526B300C6FDBF /* Super-trees.hpp */,
				403EB907287526C700C6FDBF /* structures.h */,
				403EB9082875270900C6FDBF /* Makefile */,
			);
			path = src;
			sourceTree = "<group>";
		};
		403EB8F12875250700C6FDBF /* output */ = {
			isa = PBXGroup;
			children = (
				403EB8F52875259C00C6FDBF /* output.txt */,
				403EB8F6287525D000C6FDBF /* stat.csv */,
			);
			path = output;
			sourceTree = "<group>";
		};
		403EB8F22875252700C6FDBF /* data */ = {
			isa = PBXGroup;
			children = (
				403EB8F32875256200C6FDBF /* all_trees_woese.txt */,
				403EB8F42875258100C6FDBF /* Covid-19_trees.txt */,
			);
			path = data;
			sourceTree = "<group>";
		};
/* End PBXGroup section */

/* Begin PBXNativeTarget section */
		403EB8E62875241700C6FDBF /* KMeansPhylogeneticTreesClustering */ = {
			isa = PBXNativeTarget;
			buildConfigurationList = 403EB8EE2875241700C6FDBF /* Build configuration list for PBXNativeTarget "KMeansPhylogeneticTreesClustering" */;
			buildPhases = (
				403EB8E32875241700C6FDBF /* Sources */,
				403EB8E42875241700C6FDBF /* Frameworks */,
				403EB8E52875241700C6FDBF /* CopyFiles */,
			);
			buildRules = (
			);
			dependencies = (
			);
			name = KMeansPhylogeneticTreesClustering;
			productName = KMeansPhylogeneticTreesClustering;
			productReference = 403EB8E72875241700C6FDBF /* KMeansPhylogeneticTreesClustering */;
			productType = "com.apple.product-type.tool";
		};
/* End PBXNativeTarget section */

/* Begin PBXProject section */
		403EB8DF2875241700C6FDBF /* Project object */ = {
			isa = PBXProject;
			attributes = {
				BuildIndependentTargetsInParallel = 1;
				LastUpgradeCheck = 1330;
				TargetAttributes = {
					403EB8E62875241700C6FDBF = {
						CreatedOnToolsVersion = 13.3.1;
					};
				};
			};
			buildConfigurationList = 403EB8E22875241700C6FDBF /* Build configuration list for PBXProject "KMeansPhylogeneticTreesClustering" */;
			compatibilityVersion = "Xcode 13.0";
			developmentRegion = en;
			hasScannedForEncodings = 0;
			knownRegions = (
				en,
				Base,
			);
			mainGroup = 403EB8DE2875241700C6FDBF;
			productRefGroup = 403EB8E82875241700C6FDBF /* Products */;
			projectDirPath = "";
			projectRoot = "";
			targets = (
				403EB8E62875241700C6FDBF /* KMeansPhylogeneticTreesClustering */,
			);
		};
/* End PBXProject section */

/* Begin PBXSourcesBuildPhase section */
		403EB8E32875241700C6FDBF /* Sources */ = {
			isa = PBXSourcesBuildPhase;
			buildActionMask = 2147483647;
			files = (
				403EB8EB2875241700C6FDBF /* main.cpp in Sources */,
				403EB9032875269E00C6FDBF /* hgt_int.cpp in Sources */,
				403EB8FD2875267100C6FDBF /* K-means.cpp in Sources */,
				403EB8FA2875265D00C6FDBF /* fonctions.cpp in Sources */,
				403EB9002875268700C6FDBF /* utils_tree.cpp in Sources */,
				403EB9092875270900C6FDBF /* Makefile in Sources */,
				403EB906287526B300C6FDBF /* Super-trees.cpp in Sources */,
			);
			runOnlyForDeploymentPostprocessing = 0;
		};
/* End PBXSourcesBuildPhase section */

/* Begin XCBuildConfiguration section */
		403EB8EC2875241700C6FDBF /* Debug */ = {
			isa = XCBuildConfiguration;
			buildSettings = {
				ALWAYS_SEARCH_USER_PATHS = NO;
				CLANG_ANALYZER_NONNULL = YES;
				CLANG_ANALYZER_NUMBER_OBJECT_CONVERSION = YES_AGGRESSIVE;
				CLANG_CXX_LANGUAGE_STANDARD = "gnu++17";
				CLANG_ENABLE_MODULES = YES;
				CLANG_ENABLE_OBJC_ARC = YES;
				CLANG_ENABLE_OBJC_WEAK = YES;
				CLANG_WARN_BLOCK_CAPTURE_AUTORELEASING = YES;
				CLANG_WARN_BOOL_CONVERSION = YES;
				CLANG_WARN_COMMA = YES;
				CLANG_WARN_CONSTANT_CONVERSION = YES;
				CLANG_WARN_DEPRECATED_OBJC_IMPLEMENTATIONS = YES;
				CLANG_WARN_DIRECT_OBJC_ISA_USAGE = YES_ERROR;
				CLANG_WARN_DOCUMENTATION_COMMENTS = YES;
				CLANG_WARN_EMPTY_BODY = YES;
				CLANG_WARN_ENUM_CONVERSION = YES;
				CLANG_WARN_INFINITE_RECURSION = YES;
				CLANG_WARN_INT_CONVERSION = YES;
				CLANG_WARN_NON_LITERAL_NULL_CONVERSION = YES;
				CLANG_WARN_OBJC_IMPLICIT_RETAIN_SELF = YES;
				CLANG_WARN_OBJC_LITERAL_CONVERSION = YES;
				CLANG_WARN_OBJC_ROOT_CLASS = YES_ERROR;
				CLANG_WARN_QUOTED_INCLUDE_IN_FRAMEWORK_HEADER = YES;
				CLANG_WARN_RANGE_LOOP_ANALYSIS = YES;
				CLANG_WARN_STRICT_PROTOTYPES = YES;
				CLANG_WARN_SUSPICIOUS_MOVE = YES;
				CLANG_WARN_UNGUARDED_AVAILABILITY = YES_AGGRESSIVE;
				CLANG_WARN_UNREACHABLE_CODE = YES;
				CLANG_WARN__DUPLICATE_METHOD_MATCH = YES;
				COPY_PHASE_STRIP = NO;
				DEBUG_INFORMATION_FORMAT = dwarf;
				ENABLE_STRICT_OBJC_MSGSEND = YES;
				ENABLE_TESTABILITY = YES;
				GCC_C_LANGUAGE_STANDARD = gnu11;
				GCC_DYNAMIC_NO_PIC = NO;
				GCC_NO_COMMON_BLOCKS = YES;
				GCC_OPTIMIZATION_LEVEL = 0;
				GCC_PREPROCESSOR_DEFINITIONS = (
					"DEBUG=1",
					"$(inherited)",
				);
				GCC_WARN_64_TO_32_BIT_CONVERSION = YES;
				GCC_WARN_ABOUT_RETURN_TYPE = YES_ERROR;
				GCC_WARN_UNDECLARED_SELECTOR = YES;
				GCC_WARN_UNINITIALIZED_AUTOS = YES_AGGRESSIVE;
				GCC_WARN_UNUSED_FUNCTION = YES;
				GCC_WARN_UNUSED_VARIABLE = YES;
				MACOSX_DEPLOYMENT_TARGET = 12.3;
				MTL_ENABLE_DEBUG_INFO = INCLUDE_SOURCE;
				MTL_FAST_MATH = YES;
				ONLY_ACTIVE_ARCH = YES;
				SDKROOT = macosx;
			};
			name = Debug;
		};
		403EB8ED2875241700C6FDBF /* Release */ = {
			isa = XCBuildConfiguration;
			buildSettings = {
				ALWAYS_SEARCH_USER_PATHS = NO;
				CLANG_ANALYZER_NONNULL = YES;
				CLANG_ANALYZER_NUMBER_OBJECT_CONVERSION = YES_AGGRESSIVE;
				CLANG_CXX_LANGUAGE_STANDARD = "gnu++17";
				CLANG_ENABLE_MODULES = YES;
				CLANG_ENABLE_OBJC_ARC = YES;
				CLANG_ENABLE_OBJC_WEAK = YES;
				CLANG_WARN_BLOCK_CAPTURE_AUTORELEASING = YES;
				CLANG_WARN_BOOL_CONVERSION = YES;
				CLANG_WARN_COMMA = YES;
				CLANG_WARN_CONSTANT_CONVERSION = YES;
				CLANG_WARN_DEPRECATED_OBJC_IMPLEMENTATIONS = YES;
				CLANG_WARN_DIRECT_OBJC_ISA_USAGE = YES_ERROR;
				CLANG_WARN_DOCUMENTATION_COMMENTS = YES;
				CLANG_WARN_EMPTY_BODY = YES;
				CLANG_WARN_ENUM_CONVERSION = YES;
				CLANG_WARN_INFINITE_RECURSION = YES;
				CLANG_WARN_INT_CONVERSION = YES;
				CLANG_WARN_NON_LITERAL_NULL_CONVERSION = YES;
				CLANG_WARN_OBJC_IMPLICIT_RETAIN_SELF = YES;
				CLANG_WARN_OBJC_LITERAL_CONVERSION = YES;
				CLANG_WARN_OBJC_ROOT_CLASS = YES_ERROR;
				CLANG_WARN_QUOTED_INCLUDE_IN_FRAMEWORK_HEADER = YES;
				CLANG_WARN_RANGE_LOOP_ANALYSIS = YES;
				CLANG_WARN_STRICT_PROTOTYPES = YES;
				CLANG_WARN_SUSPICIOUS_MOVE = YES;
				CLANG_WARN_UNGUARDED_AVAILABILITY = YES_AGGRESSIVE;
				CLANG_WARN_UNREACHABLE_CODE = YES;
				CLANG_WARN__DUPLICATE_METHOD_MATCH = YES;
				COPY_PHASE_STRIP = NO;
				DEBUG_INFORMATION_FORMAT = "dwarf-with-dsym";
				ENABLE_NS_ASSERTIONS = NO;
				ENABLE_STRICT_OBJC_MSGSEND = YES;
				GCC_C_LANGUAGE_STANDARD = gnu11;
				GCC_NO_COMMON_BLOCKS = YES;
				GCC_WARN_64_TO_32_BIT_CONVERSION = YES;
				GCC_WARN_ABOUT_RETURN_TYPE = YES_ERROR;
				GCC_WARN_UNDECLARED_SELECTOR = YES;
				GCC_WARN_UNINITIALIZED_AUTOS = YES_AGGRESSIVE;
				GCC_WARN_UNUSED_FUNCTION = YES;
				GCC_WARN_UNUSED_VARIABLE = YES;
				MACOSX_DEPLOYMENT_TARGET = 12.3;
				MTL_ENABLE_DEBUG_INFO = NO;
				MTL_FAST_MATH = YES;
				SDKROOT = macosx;
			};
			name = Release;
		};
		403EB8EF2875241700C6FDBF /* Debug */ = {
			isa = XCBuildConfiguration;
			buildSettings = {
				CODE_SIGN_STYLE = Automatic;
				DEVELOPMENT_TEAM = 2YCKVXG23Z;
				ENABLE_HARDENED_RUNTIME = YES;
				HEADER_SEARCH_PATHS = /usr/local/Cellar/boost/1.78.0_1/include;
				PRODUCT_NAME = "$(TARGET_NAME)";
			};
			name = Debug;
		};
		403EB8F02875241700C6FDBF /* Release */ = {
			isa = XCBuildConfiguration;
			buildSettings = {
				CODE_SIGN_STYLE = Automatic;
				DEVELOPMENT_TEAM = 2YCKVXG23Z;
				ENABLE_HARDENED_RUNTIME = YES;
				PRODUCT_NAME = "$(TARGET_NAME)";
			};
			name = Release;
		};
/* End XCBuildConfiguration section */

/* Begin XCConfigurationList section */
		403EB8E22875241700C6FDBF /* Build configuration list for PBXProject "KMeansPhylogeneticTreesClustering" */ = {
			isa = XCConfigurationList;
			buildConfigurations = (
				403EB8EC2875241700C6FDBF /* Debug */,
				403EB8ED2875241700C6FDBF /* Release */,
			);
			defaultConfigurationIsVisible = 0;
			defaultConfigurationName = Release;
		};
		403EB8EE2875241700C6FDBF /* Build configuration list for PBXNativeTarget "KMeansPhylogeneticTreesClustering" */ = {
			isa = XCConfigurationList;
			buildConfigurations = (
				403EB8EF2875241700C6FDBF /* Debug */,
				403EB8F02875241700C6FDBF /* Release */,
			);
			defaultConfigurationIsVisible = 0;
			defaultConfigurationName = Release;
		};
/* End XCConfigurationList section */
	};
	rootObject = 403EB8DF2875241700C6FDBF /* Project object */;
}
